{
  "name": "002_Basic",
  "version": "1.0.0",
  "lockfileVersion": 1,
  "requires": true,
  "dependencies": {
    "decamelize": {
      "version": "6.0.0",
      "resolved": "https://registry.npmjs.org/decamelize/-/decamelize-6.0.0.tgz",
      "integrity": "sha512-Fv96DCsdOgB6mdGl67MT5JaTNKRzrzill5OH5s8bjYJXVlcXyPYGyPsUkWyGV5p1TXI5esYIYMMeDJL0hEIwaA=="
    }
  }
}
